
Microsoft Visual Studio Solution File, Format Version 12.00
# Visual Studio Version 16
VisualStudioVersion = 16.0.30907.101
MinimumVisualStudioVersion = 10.0.40219.1
Project("{FAE04EC0-301F-11D3-BF4B-00C04F79EFBC}") = "Media Bazaar Software", "Media Bazaar Software\Media Bazaar Software.csproj", "{F364EADA-B019-43FA-9685-E13D83FC970C}"
EndProject
Project("{FAE04EC0-301F-11D3-BF4B-00C04F79EFBC}") = "Unit Tests", "Unit Tests\Unit Tests.csproj", "{5184EE99-7D1A-4DE2-9A7C-752591F9DB9F}"
EndProject
Global
	GlobalSection(SolutionConfigurationPlatforms) = preSolution
		Debug|Any CPU = Debug|Any CPU
		Release|Any CPU = Release|Any CPU
	EndGlobalSection
	GlobalSection(ProjectConfigurationPlatforms) = postSolution
		{F364EADA-B019-43FA-9685-E13D83FC970C}.Debug|Any CPU.ActiveCfg = Debug|Any CPU
		{F364EADA-B019-43FA-9685-E13D83FC970C}.Debug|Any CPU.Build.0 = Debug|Any CPU
		{F364EADA-B019-43FA-9685-E13D83FC970C}.Release|Any CPU.ActiveCfg = Release|Any CPU
		{F364EADA-B019-43FA-9685-E13D83FC970C}.Release|Any CPU.Build.0 = Release|Any CPU
		{5184EE99-7D1A-4DE2-9A7C-752591F9DB9F}.Debug|Any CPU.ActiveCfg = Debug|Any CPU
		{5184EE99-7D1A-4DE2-9A7C-752591F9DB9F}.Debug|Any CPU.Build.0 = Debug|Any CPU
		{5184EE99-7D1A-4DE2-9A7C-752591F9DB9F}.Release|Any CPU.ActiveCfg = Release|Any CPU
		{5184EE99-7D1A-4DE2-9A7C-752591F9DB9F}.Release|Any CPU.Build.0 = Release|Any CPU
	EndGlobalSection
	GlobalSection(SolutionProperties) = preSolution
		HideSolutionNode = FALSE
	EndGlobalSection
	GlobalSection(ExtensibilityGlobals) = postSolution
		SolutionGuid = {4496FCF0-6DA7-497B-B186-EA3A995A21F3}
	EndGlobalSection
EndGlobal
